
Microsoft Visual Studio Solution File, Format Version 12.00
# Visual Studio Version 16
VisualStudioVersion = 16.0.32126.315
MinimumVisualStudioVersion = 10.0.40219.1
Project("{FAE04EC0-301F-11D3-BF4B-00C04F79EFBC}") = "Homemade7", "WebApplication2\Homemade7.csproj", "{CFA957C8-6005-429B-9952-FB36A2A616EF}"
EndProject
Global
	GlobalSection(SolutionConfigurationPlatforms) = preSolution
		Debug|Any CPU = Debug|Any CPU
		Release|Any CPU = Release|Any CPU
	EndGlobalSection
	GlobalSection(ProjectConfigurationPlatforms) = postSolution
		{CFA957C8-6005-429B-9952-FB36A2A616EF}.Debug|Any CPU.ActiveCfg = Debug|Any CPU
		{CFA957C8-6005-429B-9952-FB36A2A616EF}.Debug|Any CPU.Build.0 = Debug|Any CPU
		{CFA957C8-6005-429B-9952-FB36A2A616EF}.Release|Any CPU.ActiveCfg = Release|Any CPU
		{CFA957C8-6005-429B-9952-FB36A2A616EF}.Release|Any CPU.Build.0 = Release|Any CPU
	EndGlobalSection
	GlobalSection(SolutionProperties) = preSolution
		HideSolutionNode = FALSE
	EndGlobalSection
	GlobalSection(ExtensibilityGlobals) = postSolution
		SolutionGuid = {966C0FC1-C167-417D-9FFB-2F60395095DA}
	EndGlobalSection
EndGlobal
